
Microsoft Visual Studio Solution File, Format Version 12.00
# Visual Studio 2013
VisualStudioVersion = 12.0.21005.1
MinimumVisualStudioVersion = 10.0.40219.1
Project("{FAE04EC0-301F-11D3-BF4B-00C04F79EFBC}") = "ConsoleApplication24", "ConsoleApplication24\ConsoleApplication24.csproj", "{BA9A4E94-5F3E-4AD1-980E-0F068BD10A73}"
EndProject
Global
	GlobalSection(SolutionConfigurationPlatforms) = preSolution
		Debug|Any CPU = Debug|Any CPU
		Release|Any CPU = Release|Any CPU
	EndGlobalSection
	GlobalSection(ProjectConfigurationPlatforms) = postSolution
		{BA9A4E94-5F3E-4AD1-980E-0F068BD10A73}.Debug|Any CPU.ActiveCfg = Debug|Any CPU
		{BA9A4E94-5F3E-4AD1-980E-0F068BD10A73}.Debug|Any CPU.Build.0 = Debug|Any CPU
		{BA9A4E94-5F3E-4AD1-980E-0F068BD10A73}.Release|Any CPU.ActiveCfg = Release|Any CPU
		{BA9A4E94-5F3E-4AD1-980E-0F068BD10A73}.Release|Any CPU.Build.0 = Release|Any CPU
	EndGlobalSection
	GlobalSection(SolutionProperties) = preSolution
		HideSolutionNode = FALSE
	EndGlobalSection
EndGlobal
