
Microsoft Visual Studio Solution File, Format Version 12.00
# Visual Studio 2013
VisualStudioVersion = 12.0.21005.1
MinimumVisualStudioVersion = 10.0.40219.1
Project("{FAE04EC0-301F-11D3-BF4B-00C04F79EFBC}") = "work1", "HomeWork2\work1.csproj", "{C04A8FCA-68C9-4DD9-BA66-CF930F6CB8A3}"
EndProject
Project("{FAE04EC0-301F-11D3-BF4B-00C04F79EFBC}") = "Work2", "Work2\Work2.csproj", "{6A32986E-3573-4B58-869A-6862010D230B}"
EndProject
Project("{FAE04EC0-301F-11D3-BF4B-00C04F79EFBC}") = "work3", "work3\work3.csproj", "{43CDD0E0-0B82-4223-A16F-502DA2C545E4}"
EndProject
Project("{FAE04EC0-301F-11D3-BF4B-00C04F79EFBC}") = "work4", "work4\work4.csproj", "{2114CE42-E806-4D71-894A-D39827E1772E}"
EndProject
Global
	GlobalSection(SolutionConfigurationPlatforms) = preSolution
		Debug|Any CPU = Debug|Any CPU
		Release|Any CPU = Release|Any CPU
	EndGlobalSection
	GlobalSection(ProjectConfigurationPlatforms) = postSolution
		{C04A8FCA-68C9-4DD9-BA66-CF930F6CB8A3}.Debug|Any CPU.ActiveCfg = Debug|Any CPU
		{C04A8FCA-68C9-4DD9-BA66-CF930F6CB8A3}.Debug|Any CPU.Build.0 = Debug|Any CPU
		{C04A8FCA-68C9-4DD9-BA66-CF930F6CB8A3}.Release|Any CPU.ActiveCfg = Release|Any CPU
		{C04A8FCA-68C9-4DD9-BA66-CF930F6CB8A3}.Release|Any CPU.Build.0 = Release|Any CPU
		{6A32986E-3573-4B58-869A-6862010D230B}.Debug|Any CPU.ActiveCfg = Debug|Any CPU
		{6A32986E-3573-4B58-869A-6862010D230B}.Debug|Any CPU.Build.0 = Debug|Any CPU
		{6A32986E-3573-4B58-869A-6862010D230B}.Release|Any CPU.ActiveCfg = Release|Any CPU
		{6A32986E-3573-4B58-869A-6862010D230B}.Release|Any CPU.Build.0 = Release|Any CPU
		{43CDD0E0-0B82-4223-A16F-502DA2C545E4}.Debug|Any CPU.ActiveCfg = Debug|Any CPU
		{43CDD0E0-0B82-4223-A16F-502DA2C545E4}.Debug|Any CPU.Build.0 = Debug|Any CPU
		{43CDD0E0-0B82-4223-A16F-502DA2C545E4}.Release|Any CPU.ActiveCfg = Release|Any CPU
		{43CDD0E0-0B82-4223-A16F-502DA2C545E4}.Release|Any CPU.Build.0 = Release|Any CPU
		{2114CE42-E806-4D71-894A-D39827E1772E}.Debug|Any CPU.ActiveCfg = Debug|Any CPU
		{2114CE42-E806-4D71-894A-D39827E1772E}.Debug|Any CPU.Build.0 = Debug|Any CPU
		{2114CE42-E806-4D71-894A-D39827E1772E}.Release|Any CPU.ActiveCfg = Release|Any CPU
		{2114CE42-E806-4D71-894A-D39827E1772E}.Release|Any CPU.Build.0 = Release|Any CPU
	EndGlobalSection
	GlobalSection(SolutionProperties) = preSolution
		HideSolutionNode = FALSE
	EndGlobalSection
EndGlobal
