
Microsoft Visual Studio Solution File, Format Version 12.00
# Visual Studio 2013
VisualStudioVersion = 12.0.21005.1
MinimumVisualStudioVersion = 10.0.40219.1
Project("{FAE04EC0-301F-11D3-BF4B-00C04F79EFBC}") = "Part1", "HomeWork3\Part1.csproj", "{80A2F514-2B28-40A7-8ACB-479553C3EE05}"
EndProject
Project("{FAE04EC0-301F-11D3-BF4B-00C04F79EFBC}") = "Part2", "Part2\Part2.csproj", "{971BEE4B-987C-4A59-805C-D283CD597EB4}"
EndProject
Project("{FAE04EC0-301F-11D3-BF4B-00C04F79EFBC}") = "Part3", "Part3\Part3.csproj", "{5D1E05DC-2DFD-4C53-8A31-3A1FCC1ED125}"
EndProject
Project("{FAE04EC0-301F-11D3-BF4B-00C04F79EFBC}") = "Part4", "Part4\Part4.csproj", "{D822480F-452B-42BA-AE35-B060482F449E}"
EndProject
Global
	GlobalSection(SolutionConfigurationPlatforms) = preSolution
		Debug|Any CPU = Debug|Any CPU
		Release|Any CPU = Release|Any CPU
	EndGlobalSection
	GlobalSection(ProjectConfigurationPlatforms) = postSolution
		{80A2F514-2B28-40A7-8ACB-479553C3EE05}.Debug|Any CPU.ActiveCfg = Debug|Any CPU
		{80A2F514-2B28-40A7-8ACB-479553C3EE05}.Debug|Any CPU.Build.0 = Debug|Any CPU
		{80A2F514-2B28-40A7-8ACB-479553C3EE05}.Release|Any CPU.ActiveCfg = Release|Any CPU
		{80A2F514-2B28-40A7-8ACB-479553C3EE05}.Release|Any CPU.Build.0 = Release|Any CPU
		{971BEE4B-987C-4A59-805C-D283CD597EB4}.Debug|Any CPU.ActiveCfg = Debug|Any CPU
		{971BEE4B-987C-4A59-805C-D283CD597EB4}.Debug|Any CPU.Build.0 = Debug|Any CPU
		{971BEE4B-987C-4A59-805C-D283CD597EB4}.Release|Any CPU.ActiveCfg = Release|Any CPU
		{971BEE4B-987C-4A59-805C-D283CD597EB4}.Release|Any CPU.Build.0 = Release|Any CPU
		{5D1E05DC-2DFD-4C53-8A31-3A1FCC1ED125}.Debug|Any CPU.ActiveCfg = Debug|Any CPU
		{5D1E05DC-2DFD-4C53-8A31-3A1FCC1ED125}.Debug|Any CPU.Build.0 = Debug|Any CPU
		{5D1E05DC-2DFD-4C53-8A31-3A1FCC1ED125}.Release|Any CPU.ActiveCfg = Release|Any CPU
		{5D1E05DC-2DFD-4C53-8A31-3A1FCC1ED125}.Release|Any CPU.Build.0 = Release|Any CPU
		{D822480F-452B-42BA-AE35-B060482F449E}.Debug|Any CPU.ActiveCfg = Debug|Any CPU
		{D822480F-452B-42BA-AE35-B060482F449E}.Debug|Any CPU.Build.0 = Debug|Any CPU
		{D822480F-452B-42BA-AE35-B060482F449E}.Release|Any CPU.ActiveCfg = Release|Any CPU
		{D822480F-452B-42BA-AE35-B060482F449E}.Release|Any CPU.Build.0 = Release|Any CPU
	EndGlobalSection
	GlobalSection(SolutionProperties) = preSolution
		HideSolutionNode = FALSE
	EndGlobalSection
EndGlobal
